
Microsoft Visual Studio Solution File, Format Version 12.00
# Visual Studio Version 17
VisualStudioVersion = 17.4.33403.182
MinimumVisualStudioVersion = 10.0.40219.1
Project("{FAE04EC0-301F-11D3-BF4B-00C04F79EFBC}") = "ChroMapper-SettingTweaks", "ChroMapper-SettingTweaks\ChroMapper-SettingTweaks.csproj", "{58CAE7FA-48FE-478B-B123-28CC16017FB1}"
EndProject
Global
	GlobalSection(SolutionConfigurationPlatforms) = preSolution
		Debug|Any CPU = Debug|Any CPU
		Release|Any CPU = Release|Any CPU
	EndGlobalSection
	GlobalSection(ProjectConfigurationPlatforms) = postSolution
		{58CAE7FA-48FE-478B-B123-28CC16017FB1}.Debug|Any CPU.ActiveCfg = Debug|Any CPU
		{58CAE7FA-48FE-478B-B123-28CC16017FB1}.Debug|Any CPU.Build.0 = Debug|Any CPU
		{58CAE7FA-48FE-478B-B123-28CC16017FB1}.Release|Any CPU.ActiveCfg = Release|Any CPU
		{58CAE7FA-48FE-478B-B123-28CC16017FB1}.Release|Any CPU.Build.0 = Release|Any CPU
	EndGlobalSection
	GlobalSection(SolutionProperties) = preSolution
		HideSolutionNode = FALSE
	EndGlobalSection
	GlobalSection(ExtensibilityGlobals) = postSolution
		SolutionGuid = {121A4312-AD9C-408B-BC20-F966BE419D28}
	EndGlobalSection
EndGlobal
